
Microsoft Visual Studio Solution File, Format Version 12.00
# Visual Studio Version 17
VisualStudioVersion = 17.13.35825.156 d17.13
MinimumVisualStudioVersion = 10.0.40219.1
Project("{FAE04EC0-301F-11D3-BF4B-00C04F79EFBC}") = "macro_tracker_web_service", "macro_tracker_web_service.csproj", "{6748368F-450B-441E-84FC-4128A798F5BC}"
EndProject
Global
	GlobalSection(SolutionConfigurationPlatforms) = preSolution
		Debug|Any CPU = Debug|Any CPU
		Release|Any CPU = Release|Any CPU
	EndGlobalSection
	GlobalSection(ProjectConfigurationPlatforms) = postSolution
		{6748368F-450B-441E-84FC-4128A798F5BC}.Debug|Any CPU.ActiveCfg = Debug|Any CPU
		{6748368F-450B-441E-84FC-4128A798F5BC}.Debug|Any CPU.Build.0 = Debug|Any CPU
		{6748368F-450B-441E-84FC-4128A798F5BC}.Release|Any CPU.ActiveCfg = Release|Any CPU
		{6748368F-450B-441E-84FC-4128A798F5BC}.Release|Any CPU.Build.0 = Release|Any CPU
	EndGlobalSection
	GlobalSection(SolutionProperties) = preSolution
		HideSolutionNode = FALSE
	EndGlobalSection
	GlobalSection(ExtensibilityGlobals) = postSolution
		SolutionGuid = {AE25AA27-79BE-46E7-8EEA-A915558375B9}
	EndGlobalSection
EndGlobal
